
Microsoft Visual Studio Solution File, Format Version 12.00
# Visual Studio Version 17
VisualStudioVersion = 17.9.34701.34
MinimumVisualStudioVersion = 10.0.40219.1
Project("{FAE04EC0-301F-11D3-BF4B-00C04F79EFBC}") = "GestionEcole", "GestionEcole.csproj", "{8D3650DB-3246-4C83-984E-BFAB1EB56238}"
EndProject
Global
	GlobalSection(SolutionConfigurationPlatforms) = preSolution
		Debug|Any CPU = Debug|Any CPU
		Release|Any CPU = Release|Any CPU
	EndGlobalSection
	GlobalSection(ProjectConfigurationPlatforms) = postSolution
		{8D3650DB-3246-4C83-984E-BFAB1EB56238}.Debug|Any CPU.ActiveCfg = Debug|Any CPU
		{8D3650DB-3246-4C83-984E-BFAB1EB56238}.Debug|Any CPU.Build.0 = Debug|Any CPU
		{8D3650DB-3246-4C83-984E-BFAB1EB56238}.Release|Any CPU.ActiveCfg = Release|Any CPU
		{8D3650DB-3246-4C83-984E-BFAB1EB56238}.Release|Any CPU.Build.0 = Release|Any CPU
	EndGlobalSection
	GlobalSection(SolutionProperties) = preSolution
		HideSolutionNode = FALSE
	EndGlobalSection
	GlobalSection(ExtensibilityGlobals) = postSolution
		SolutionGuid = {3F530C83-7C84-4179-96E2-07DE9E1BF349}
	EndGlobalSection
EndGlobal
